{
  "name": "web",
  "lockfileVersion": 2,
  "requires": true,
  "packages": {
    "": {
      "dependencies": {
        "gojs": "^2.1.54",
        "i": "^0.3.7"
      }
    },
    "node_modules/gojs": {
      "version": "2.1.54",
      "resolved": "https://registry.npmjs.org/gojs/-/gojs-2.1.54.tgz",
      "integrity": "sha512-qC3+SexzLp2oyUb90sVpY0D/uU0gtxtN+0zCRwzRroTGnLvZowjVCrnhjBS4dDTArr5B53yjceTU2wLbJ6P00g=="
    },
    "node_modules/i": {
      "version": "0.3.7",
      "resolved": "https://registry.npmjs.org/i/-/i-0.3.7.tgz",
      "integrity": "sha512-FYz4wlXgkQwIPqhzC5TdNMLSE5+GS1IIDJZY/1ZiEPCT2S3COUVZeT5OW4BmW4r5LHLQuOosSwsvnroG9GR59Q==",
      "engines": {
        "node": ">=0.4"
      }
    }
  },
  "dependencies": {
    "gojs": {
      "version": "2.1.54",
      "resolved": "https://registry.npmjs.org/gojs/-/gojs-2.1.54.tgz",
      "integrity": "sha512-qC3+SexzLp2oyUb90sVpY0D/uU0gtxtN+0zCRwzRroTGnLvZowjVCrnhjBS4dDTArr5B53yjceTU2wLbJ6P00g=="
    },
    "i": {
      "version": "0.3.7",
      "resolved": "https://registry.npmjs.org/i/-/i-0.3.7.tgz",
      "integrity": "sha512-FYz4wlXgkQwIPqhzC5TdNMLSE5+GS1IIDJZY/1ZiEPCT2S3COUVZeT5OW4BmW4r5LHLQuOosSwsvnroG9GR59Q=="
    }
  }
}
